{
  "name": "temp",
  "lockfileVersion": 3,
  "requires": true,
  "packages": {
    "": {
      "dependencies": {
        "biopython": "^1.0.2"
      }
    },
    "node_modules/biopython": {
      "version": "1.0.2",
      "resolved": "https://registry.npmjs.org/biopython/-/biopython-1.0.2.tgz",
      "integrity": "sha512-dCuxB4LcM98b1mb+kivgQwjF0/wiVmKCNvAD8/YaIZv/ReWVmJJ+QNVg8+fEdjXuEAkPGopynlrYyIXRB/sNjg==",
      "license": "ISC"
    }
  }
}
